
Microsoft Visual Studio Solution File, Format Version 12.00
# Visual Studio 15
VisualStudioVersion = 15.0.26730.12
MinimumVisualStudioVersion = 10.0.40219.1
Project("{FAE04EC0-301F-11D3-BF4B-00C04F79EFBC}") = "shippers", "shippers\shippers.csproj", "{D19193EC-2E71-45CA-B355-E809800FC23C}"
EndProject
Global
	GlobalSection(SolutionConfigurationPlatforms) = preSolution
		Debug|Any CPU = Debug|Any CPU
		Release|Any CPU = Release|Any CPU
	EndGlobalSection
	GlobalSection(ProjectConfigurationPlatforms) = postSolution
		{D19193EC-2E71-45CA-B355-E809800FC23C}.Debug|Any CPU.ActiveCfg = Debug|Any CPU
		{D19193EC-2E71-45CA-B355-E809800FC23C}.Debug|Any CPU.Build.0 = Debug|Any CPU
		{D19193EC-2E71-45CA-B355-E809800FC23C}.Release|Any CPU.ActiveCfg = Release|Any CPU
		{D19193EC-2E71-45CA-B355-E809800FC23C}.Release|Any CPU.Build.0 = Release|Any CPU
	EndGlobalSection
	GlobalSection(SolutionProperties) = preSolution
		HideSolutionNode = FALSE
	EndGlobalSection
	GlobalSection(ExtensibilityGlobals) = postSolution
		SolutionGuid = {80F1AF6A-211F-4066-81AF-54CE80666E7C}
	EndGlobalSection
EndGlobal
